{
  "object": {
    "pins": [
      {
        "package": "Icebox",
        "repositoryURL": "https://github.com/jakeheis/Icebox",
        "state": {
          "branch": null,
          "revision": "7e1e9e8da2848fcefc6a182be8e811911d9dd694",
          "version": "0.0.7"
        }
      },
      {
        "package": "PathKit",
        "repositoryURL": "https://github.com/kylef/PathKit",
        "state": {
          "branch": null,
          "revision": "73f8e9dca9b7a3078cb79128217dc8f2e585a511",
          "version": "1.0.0"
        }
      },
      {
        "package": "Rainbow",
        "repositoryURL": "https://github.com/onevcat/Rainbow",
        "state": {
          "branch": null,
          "revision": "9c52c1952e9b2305d4507cf473392ac2d7c9b155",
          "version": "3.1.5"
        }
      },
      {
        "package": "Spectre",
        "repositoryURL": "https://github.com/kylef/Spectre.git",
        "state": {
          "branch": null,
          "revision": "f14ff47f45642aa5703900980b014c2e9394b6e5",
          "version": "0.9.0"
        }
      },
      {
        "package": "SwiftCLI",
        "repositoryURL": "https://github.com/jakeheis/SwiftCLI",
        "state": {
          "branch": null,
          "revision": "c72c4564f8c0a24700a59824880536aca45a4cae",
          "version": "6.0.1"
        }
      },
      {
        "package": "SwiftyTextTable",
        "repositoryURL": "https://github.com/scottrhoyt/SwiftyTextTable",
        "state": {
          "branch": null,
          "revision": "c6df6cf533d120716bff38f8ff9885e1ce2a4ac3",
          "version": "0.9.0"
        }
      }
    ]
  },
  "version": 1
}
