{
  "object": {
    "pins": [
      {
        "package": "Just",
        "repositoryURL": "https://github.com/JustHTTP/Just",
        "state": {
          "branch": null,
          "revision": "3f64fda37dd11e50f410ba90d219fdb3ed927612",
          "version": "0.6.0"
        }
      },
      {
        "package": "SwiftCLI",
        "repositoryURL": "https://github.com/jakeheis/SwiftCLI",
        "state": {
          "branch": null,
          "revision": "6ad6d95ce0eb5247553ccb056b2064b5a9765f9e",
          "version": "3.0.1"
        }
      }
    ]
  },
  "version": 1
}
