{
  "object": {
    "pins": [
      {
        "package": "Files",
        "repositoryURL": "https://github.com/JohnSundell/Files",
        "state": {
          "branch": null,
          "revision": "b2c38a856bfe5fbba66146ab4c33e267921673ba",
          "version": "1.11.0"
        }
      },
      {
        "package": "Just",
        "repositoryURL": "https://github.com/JustHTTP/Just",
        "state": {
          "branch": null,
          "revision": "3f64fda37dd11e50f410ba90d219fdb3ed927612",
          "version": "0.6.0"
        }
      },
      {
        "package": "Regex",
        "repositoryURL": "https://github.com/sharplet/Regex",
        "state": {
          "branch": null,
          "revision": "3e671ed911b467c0d9c05e56f03d9e5bcb535f39",
          "version": "1.1.0"
        }
      },
      {
        "package": "SwiftCLI",
        "repositoryURL": "https://github.com/jakeheis/SwiftCLI",
        "state": {
          "branch": null,
          "revision": "6ad6d95ce0eb5247553ccb056b2064b5a9765f9e",
          "version": "3.0.1"
        }
      }
    ]
  },
  "version": 1
}
