{
  "object": {
    "pins": [
      {
        "package": "SwiftCLI",
        "repositoryURL": "https://github.com/jakeheis/SwiftCLI",
        "state": {
          "branch": null,
          "revision": "740b496012f922218f4b901237e39c7ac98f92f6",
          "version": "4.1.2"
        }
      }
    ]
  },
  "version": 1
}
