{
  "object": {
    "pins": [
      {
        "package": "SwiftCLI",
        "repositoryURL": "https://github.com/jakeheis/SwiftCLI",
        "state": {
          "branch": null,
          "revision": "afd7cd100aa18e1ad878279f506fbff71b59ed91",
          "version": "4.0.3"
        }
      }
    ]
  },
  "version": 1
}
